<?xml version="1.0" encoding="utf-8"?>
<Project ToolsVersion="4.0" xmlns="http://schemas.microsoft.com/developer/msbuild/2003">
  <ItemGroup>
    <Filter Include="ソース ファイル">
      <UniqueIdentifier>{4FC737F1-C7A5-4376-A066-2A32D752A2FF}</UniqueIdentifier>
      <Extensions>cpp;c;cc;cxx;c++;cppm;ixx;def;odl;idl;hpj;bat;asm;asmx</Extensions>
    </Filter>
    <Filter Include="ヘッダー ファイル">
      <UniqueIdentifier>{93995380-89BD-4b04-88EB-625FBE52EBFB}</UniqueIdentifier>
      <Extensions>h;hh;hpp;hxx;h++;hm;inl;inc;ipp;xsd</Extensions>
    </Filter>
    <Filter Include="リソース ファイル">
      <UniqueIdentifier>{67DA6AB6-F800-4c08-8B7A-83BB121AAD01}</UniqueIdentifier>
      <Extensions>rc;ico;cur;bmp;dlg;rc2;rct;bin;rgs;gif;jpg;jpeg;jpe;resx;tiff;tif;png;wav;mfcribbon-ms</Extensions>
    </Filter>
  </ItemGroup>
  <ItemGroup>
    <ClInclude Include="framework.h">
      <Filter>ヘッダー ファイル</Filter>
    </ClInclude>
    <ClInclude Include="targetver.h">
      <Filter>ヘッダー ファイル</Filter>
    </ClInclude>
    <ClInclude Include="Resource.h">
      <Filter>ヘッダー ファイル</Filter>
    </ClInclude>
    <ClInclude Include="LCOS_app.h">
      <Filter>ヘッダー ファイル</Filter>
    </ClInclude>
  </ItemGroup>
  <ItemGroup>
    <ClCompile Include="LCOS_app.cpp">
      <Filter>ソース ファイル</Filter>
    </ClCompile>
  </ItemGroup>
  <ItemGroup>
    <Image Include="small.ico">
      <Filter>リソース ファイル</Filter>
    </Image>
    <Image Include="test_picture\2.bmp">
      <Filter>リソース ファイル</Filter>
    </Image>
    <Image Include="test_picture\3.bmp">
      <Filter>リソース ファイル</Filter>
    </Image>
    <Image Include="test_picture\4.bmp">
      <Filter>リソース ファイル</Filter>
    </Image>
    <Image Include="test_picture\5.bmp">
      <Filter>リソース ファイル</Filter>
    </Image>
    <Image Include="test_picture\6.bmp">
      <Filter>リソース ファイル</Filter>
    </Image>
    <Image Include="test_picture\7.bmp">
      <Filter>リソース ファイル</Filter>
    </Image>
    <Image Include="test_picture\8.bmp">
      <Filter>リソース ファイル</Filter>
    </Image>
    <Image Include="test_picture\9.bmp">
      <Filter>リソース ファイル</Filter>
    </Image>
    <Image Include="checker.bmp">
      <Filter>リソース ファイル</Filter>
    </Image>
    <Image Include="char.bmp">
      <Filter>リソース ファイル</Filter>
    </Image>
    <Image Include="LCOS_app.ico">
      <Filter>リソース ファイル</Filter>
    </Image>
    <Image Include="sample1.bmp">
      <Filter>リソース ファイル</Filter>
    </Image>
    <Image Include="test_picture\0.bmp">
      <Filter>リソース ファイル</Filter>
    </Image>
    <Image Include="test_picture\1.bmp">
      <Filter>リソース ファイル</Filter>
    </Image>
    <Image Include="test_picture\2.bmp">
      <Filter>リソース ファイル</Filter>
    </Image>
    <Image Include="test_picture\3.bmp">
      <Filter>リソース ファイル</Filter>
    </Image>
    <Image Include="test_picture\4.bmp">
      <Filter>リソース ファイル</Filter>
    </Image>
    <Image Include="test_picture\5.bmp">
      <Filter>リソース ファイル</Filter>
    </Image>
    <Image Include="test_picture\6.bmp">
      <Filter>リソース ファイル</Filter>
    </Image>
    <Image Include="test_picture\7.bmp">
      <Filter>リソース ファイル</Filter>
    </Image>
    <Image Include="test_picture\8.bmp">
      <Filter>リソース ファイル</Filter>
    </Image>
    <Image Include="test_picture\9.bmp">
      <Filter>リソース ファイル</Filter>
    </Image>
    <Image Include="checker1.bmp">
      <Filter>リソース ファイル</Filter>
    </Image>
    <Image Include="checker2.bmp">
      <Filter>リソース ファイル</Filter>
    </Image>
    <Image Include="test_picture\0.bmp">
      <Filter>リソース ファイル</Filter>
    </Image>
    <Image Include="test_picture\1.bmp">
      <Filter>リソース ファイル</Filter>
    </Image>
    <Image Include="test_picture\bitmap3.bmp">
      <Filter>リソース ファイル</Filter>
    </Image>
    <Image Include="CGH\cubic\test1\P_1.1_0.bmp">
      <Filter>リソース ファイル</Filter>
    </Image>
    <Image Include="CGH\cubic\test1\P_1.1_1.bmp">
      <Filter>リソース ファイル</Filter>
    </Image>
    <Image Include="CGH\cubic\test1\P_1.1_2.bmp">
      <Filter>リソース ファイル</Filter>
    </Image>
    <Image Include="CGH\cubic\test1\P_1.1_3.bmp">
      <Filter>リソース ファイル</Filter>
    </Image>
    <Image Include="CGH\cubic\test1\P_1.1_4.bmp">
      <Filter>リソース ファイル</Filter>
    </Image>
    <Image Include="CGH\cubic\test1\P_1.1_5.bmp">
      <Filter>リソース ファイル</Filter>
    </Image>
    <Image Include="CGH\cubic\test1\P_1.1_6.bmp">
      <Filter>リソース ファイル</Filter>
    </Image>
    <Image Include="CGH\cubic\test1\P_1.1_7.bmp">
      <Filter>リソース ファイル</Filter>
    </Image>
    <Image Include="CGH\cubic\test1\P_1.1_8.bmp">
      <Filter>リソース ファイル</Filter>
    </Image>
    <Image Include="CGH\cubic\test1\P_1.1_9.bmp">
      <Filter>リソース ファイル</Filter>
    </Image>
    <Image Include="CGH\cubic\test1\P_1.1_A.bmp">
      <Filter>リソース ファイル</Filter>
    </Image>
    <Image Include="CGH\cubic\test1\P_1.1_B.bmp">
      <Filter>リソース ファイル</Filter>
    </Image>
    <Image Include="CGH\cubic\test1\P_1.1_C.bmp">
      <Filter>リソース ファイル</Filter>
    </Image>
    <Image Include="CGH\cubic\test1\P_1.1_D.bmp">
      <Filter>リソース ファイル</Filter>
    </Image>
    <Image Include="CGH\cubic\test1\P_1.1_E.bmp">
      <Filter>リソース ファイル</Filter>
    </Image>
    <Image Include="CGH\cubic\test1\P_1.1_F.bmp">
      <Filter>リソース ファイル</Filter>
    </Image>
    <Image Include="CGH\cubic\test1\P_2.1_0.bmp">
      <Filter>リソース ファイル</Filter>
    </Image>
    <Image Include="CGH\cubic\test1\P_2.1_1.bmp">
      <Filter>リソース ファイル</Filter>
    </Image>
    <Image Include="CGH\cubic\test1\P_2.1_2.bmp">
      <Filter>リソース ファイル</Filter>
    </Image>
    <Image Include="CGH\cubic\test1\P_2.1_3.bmp">
      <Filter>リソース ファイル</Filter>
    </Image>
    <Image Include="CGH\cubic\test1\P_2.1_4.bmp">
      <Filter>リソース ファイル</Filter>
    </Image>
    <Image Include="CGH\cubic\test1\P_2.1_5.bmp">
      <Filter>リソース ファイル</Filter>
    </Image>
    <Image Include="CGH\cubic\test1\P_2.1_6.bmp">
      <Filter>リソース ファイル</Filter>
    </Image>
    <Image Include="CGH\cubic\test1\P_2.1_7.bmp">
      <Filter>リソース ファイル</Filter>
    </Image>
    <Image Include="CGH\cubic\test1\P_2.1_8.bmp">
      <Filter>リソース ファイル</Filter>
    </Image>
    <Image Include="CGH\cubic\test1\P_2.1_9.bmp">
      <Filter>リソース ファイル</Filter>
    </Image>
    <Image Include="CGH\cubic\test1\P_2.1_A.bmp">
      <Filter>リソース ファイル</Filter>
    </Image>
    <Image Include="CGH\cubic\test1\P_2.1_B.bmp">
      <Filter>リソース ファイル</Filter>
    </Image>
    <Image Include="CGH\cubic\test1\P_2.1_C.bmp">
      <Filter>リソース ファイル</Filter>
    </Image>
    <Image Include="CGH\cubic\test1\P_2.1_D.bmp">
      <Filter>リソース ファイル</Filter>
    </Image>
    <Image Include="CGH\cubic\test1\P_2.1_E.bmp">
      <Filter>リソース ファイル</Filter>
    </Image>
    <Image Include="CGH\cubic\test1\P_2.1_F.bmp">
      <Filter>リソース ファイル</Filter>
    </Image>
    <Image Include="CGH\others\checker_1pix.bmp">
      <Filter>リソース ファイル</Filter>
    </Image>
    <Image Include="CGH\cubic\test1\P_1.2_0.bmp">
      <Filter>リソース ファイル</Filter>
    </Image>
    <Image Include="CGH\cubic\test1\P_1.2_1.bmp">
      <Filter>リソース ファイル</Filter>
    </Image>
    <Image Include="CGH\cubic\test1\P_1.2_2.bmp">
      <Filter>リソース ファイル</Filter>
    </Image>
    <Image Include="CGH\cubic\test1\P_1.2_3.bmp">
      <Filter>リソース ファイル</Filter>
    </Image>
    <Image Include="CGH\cubic\test1\P_1.2_4.bmp">
      <Filter>リソース ファイル</Filter>
    </Image>
    <Image Include="CGH\cubic\test1\P_1.2_5.bmp">
      <Filter>リソース ファイル</Filter>
    </Image>
    <Image Include="CGH\cubic\test1\P_1.2_6.bmp">
      <Filter>リソース ファイル</Filter>
    </Image>
    <Image Include="CGH\cubic\test1\P_1.2_7.bmp">
      <Filter>リソース ファイル</Filter>
    </Image>
    <Image Include="CGH\cubic\test1\P_1.2_8.bmp">
      <Filter>リソース ファイル</Filter>
    </Image>
    <Image Include="CGH\cubic\test1\P_1.2_9.bmp">
      <Filter>リソース ファイル</Filter>
    </Image>
    <Image Include="CGH\cubic\test1\P_1.2_A.bmp">
      <Filter>リソース ファイル</Filter>
    </Image>
    <Image Include="CGH\cubic\test1\P_1.2_B.bmp">
      <Filter>リソース ファイル</Filter>
    </Image>
    <Image Include="CGH\cubic\test1\P_1.2_C.bmp">
      <Filter>リソース ファイル</Filter>
    </Image>
    <Image Include="CGH\cubic\test1\P_1.2_D.bmp">
      <Filter>リソース ファイル</Filter>
    </Image>
    <Image Include="CGH\cubic\test1\P_1.2_E.bmp">
      <Filter>リソース ファイル</Filter>
    </Image>
    <Image Include="CGH\cubic\test1\P_1.2_F.bmp">
      <Filter>リソース ファイル</Filter>
    </Image>
    <Image Include="CGH\others\checker.bmp">
      <Filter>リソース ファイル</Filter>
    </Image>
  </ItemGroup>
  <ItemGroup>
    <ResourceCompile Include="LCOS_app.rc">
      <Filter>リソース ファイル</Filter>
    </ResourceCompile>
  </ItemGroup>
</Project>